
Microsoft Visual Studio Solution File, Format Version 12.00
# Visual Studio Version 16
VisualStudioVersion = 16.0.31205.134
MinimumVisualStudioVersion = 10.0.40219.1
Project("{FAE04EC0-301F-11D3-BF4B-00C04F79EFBC}") = "CadastroDePessoa", "CadastroDePessoa\CadastroDePessoa.csproj", "{5066B57B-93D7-4546-8014-207E64D2EF55}"
EndProject
Global
	GlobalSection(SolutionConfigurationPlatforms) = preSolution
		Debug|Any CPU = Debug|Any CPU
		Release|Any CPU = Release|Any CPU
	EndGlobalSection
	GlobalSection(ProjectConfigurationPlatforms) = postSolution
		{5066B57B-93D7-4546-8014-207E64D2EF55}.Debug|Any CPU.ActiveCfg = Debug|Any CPU
		{5066B57B-93D7-4546-8014-207E64D2EF55}.Debug|Any CPU.Build.0 = Debug|Any CPU
		{5066B57B-93D7-4546-8014-207E64D2EF55}.Release|Any CPU.ActiveCfg = Release|Any CPU
		{5066B57B-93D7-4546-8014-207E64D2EF55}.Release|Any CPU.Build.0 = Release|Any CPU
	EndGlobalSection
	GlobalSection(SolutionProperties) = preSolution
		HideSolutionNode = FALSE
	EndGlobalSection
	GlobalSection(ExtensibilityGlobals) = postSolution
		SolutionGuid = {5B8B5C68-D0A1-4CE1-8AA0-AA3F4FA15594}
	EndGlobalSection
EndGlobal
